
Microsoft Visual Studio Solution File, Format Version 12.00
# Visual Studio Version 16
VisualStudioVersion = 16.0.30717.126
MinimumVisualStudioVersion = 10.0.40219.1
Project("{FAE04EC0-301F-11D3-BF4B-00C04F79EFBC}") = "IdProvider", "IdProvider\IdProvider.csproj", "{AB12DDB3-E587-4EA6-8979-ABEB84853E3A}"
EndProject
Global
	GlobalSection(SolutionConfigurationPlatforms) = preSolution
		Debug|Any CPU = Debug|Any CPU
		Release|Any CPU = Release|Any CPU
	EndGlobalSection
	GlobalSection(ProjectConfigurationPlatforms) = postSolution
		{AB12DDB3-E587-4EA6-8979-ABEB84853E3A}.Debug|Any CPU.ActiveCfg = Debug|Any CPU
		{AB12DDB3-E587-4EA6-8979-ABEB84853E3A}.Debug|Any CPU.Build.0 = Debug|Any CPU
		{AB12DDB3-E587-4EA6-8979-ABEB84853E3A}.Release|Any CPU.ActiveCfg = Release|Any CPU
		{AB12DDB3-E587-4EA6-8979-ABEB84853E3A}.Release|Any CPU.Build.0 = Release|Any CPU
	EndGlobalSection
	GlobalSection(SolutionProperties) = preSolution
		HideSolutionNode = FALSE
	EndGlobalSection
	GlobalSection(ExtensibilityGlobals) = postSolution
		SolutionGuid = {7F89129E-5ACE-40BD-9243-687DC13B7AD1}
	EndGlobalSection
EndGlobal
